dependencies:
  espressif/button:
    component_hash: dddfbf885283f0415391c9851e3df613f77f7a3dac60e766ddbebd912854bce2
    dependencies:
    - name: espressif/cmake_utilities
      registry_url: https://components.espressif.com
      require: private
      version: 0.*
    - name: idf
      require: private
      version: '>=4.0'
    source:
      registry_url: https://components.espressif.com/
      type: service
    version: 3.4.1
  espressif/cmake_utilities:
    component_hash: 351350613ceafba240b761b4ea991e0f231ac7a9f59a9ee901f751bddc0bb18f
    dependencies:
    - name: idf
      require: private
      version: '>=4.1'
    source:
      registry_url: https://components.espressif.com
      type: service
    version: 0.5.3
  idf:
    source:
      type: idf
    version: 5.2.2
direct_dependencies:
- espressif/button
- idf
manifest_hash: 1e1939f4ec63bf56dc57fe76481da836a540eb26f73235b4c5312218a8fa513c
target: esp32c3
version: 2.0.0
